
Microsoft Visual Studio Solution File, Format Version 12.00
# Visual Studio 15
VisualStudioVersion = 15.0.26730.3
MinimumVisualStudioVersion = 10.0.40219.1
Project("{FAE04EC0-301F-11D3-BF4B-00C04F79EFBC}") = "TheDiagonalPanel", "TheDiagonalPanel\TheDiagonalPanel.csproj", "{9DBA444B-E0B1-4331-85AF-190A6CB91B17}"
EndProject
Project("{FAE04EC0-301F-11D3-BF4B-00C04F79EFBC}") = "TheSimpleCanvas", "TheSimpleCanvas\TheSimpleCanvas.csproj", "{8157E953-50EE-4707-82A6-89498B8E8E8C}"
EndProject
Project("{FAE04EC0-301F-11D3-BF4B-00C04F79EFBC}") = "TheSimpleCanvasUWP", "TheSimpleCanvasUWP\TheSimpleCanvasUWP.csproj", "{60FB817E-53D8-48BC-B155-5575EC2F8AAD}"
EndProject
Project("{FAE04EC0-301F-11D3-BF4B-00C04F79EFBC}") = "TheVerticalStackPanel", "TheVerticalStackPanel\TheVerticalStackPanel.csproj", "{F1AFB5C2-3F50-4224-8E0F-C2C394157738}"
EndProject
Project("{FAE04EC0-301F-11D3-BF4B-00C04F79EFBC}") = "TheGrid", "TheGrid\TheGrid.csproj", "{43AA43F4-31B6-44B5-95B6-D3963AEECB73}"
EndProject
Project("{FAE04EC0-301F-11D3-BF4B-00C04F79EFBC}") = "FriendViewer", "FriendViewer\FriendViewer.csproj", "{5EDBF0B1-D9B2-4353-A388-925B7E4F1ABA}"
EndProject
Project("{FAE04EC0-301F-11D3-BF4B-00C04F79EFBC}") = "TheCanvas", "TheCanvas\TheCanvas.csproj", "{42EC26C8-BA11-4D6B-9B28-C711D229FF75}"
EndProject
Project("{FAE04EC0-301F-11D3-BF4B-00C04F79EFBC}") = "FriendDialog", "FriendDialog\FriendDialog.csproj", "{3E6C5661-1EF7-4781-BCD4-169843D29A61}"
EndProject
Project("{FAE04EC0-301F-11D3-BF4B-00C04F79EFBC}") = "TheVariableSizedWrapGrid", "TheVariableSizedWrapGrid\TheVariableSizedWrapGrid.csproj", "{E486FC39-529C-43B0-AAD1-4A9A23D213F2}"
EndProject
Global
	GlobalSection(SolutionConfigurationPlatforms) = preSolution
		Debug|Any CPU = Debug|Any CPU
		Debug|ARM = Debug|ARM
		Debug|x64 = Debug|x64
		Debug|x86 = Debug|x86
		Release|Any CPU = Release|Any CPU
		Release|ARM = Release|ARM
		Release|x64 = Release|x64
		Release|x86 = Release|x86
	EndGlobalSection
	GlobalSection(ProjectConfigurationPlatforms) = postSolution
		{9DBA444B-E0B1-4331-85AF-190A6CB91B17}.Debug|Any CPU.ActiveCfg = Debug|Any CPU
		{9DBA444B-E0B1-4331-85AF-190A6CB91B17}.Debug|Any CPU.Build.0 = Debug|Any CPU
		{9DBA444B-E0B1-4331-85AF-190A6CB91B17}.Debug|ARM.ActiveCfg = Debug|Any CPU
		{9DBA444B-E0B1-4331-85AF-190A6CB91B17}.Debug|ARM.Build.0 = Debug|Any CPU
		{9DBA444B-E0B1-4331-85AF-190A6CB91B17}.Debug|x64.ActiveCfg = Debug|Any CPU
		{9DBA444B-E0B1-4331-85AF-190A6CB91B17}.Debug|x64.Build.0 = Debug|Any CPU
		{9DBA444B-E0B1-4331-85AF-190A6CB91B17}.Debug|x86.ActiveCfg = Debug|Any CPU
		{9DBA444B-E0B1-4331-85AF-190A6CB91B17}.Debug|x86.Build.0 = Debug|Any CPU
		{9DBA444B-E0B1-4331-85AF-190A6CB91B17}.Release|Any CPU.ActiveCfg = Release|Any CPU
		{9DBA444B-E0B1-4331-85AF-190A6CB91B17}.Release|Any CPU.Build.0 = Release|Any CPU
		{9DBA444B-E0B1-4331-85AF-190A6CB91B17}.Release|ARM.ActiveCfg = Release|Any CPU
		{9DBA444B-E0B1-4331-85AF-190A6CB91B17}.Release|ARM.Build.0 = Release|Any CPU
		{9DBA444B-E0B1-4331-85AF-190A6CB91B17}.Release|x64.ActiveCfg = Release|Any CPU
		{9DBA444B-E0B1-4331-85AF-190A6CB91B17}.Release|x64.Build.0 = Release|Any CPU
		{9DBA444B-E0B1-4331-85AF-190A6CB91B17}.Release|x86.ActiveCfg = Release|Any CPU
		{9DBA444B-E0B1-4331-85AF-190A6CB91B17}.Release|x86.Build.0 = Release|Any CPU
		{8157E953-50EE-4707-82A6-89498B8E8E8C}.Debug|Any CPU.ActiveCfg = Debug|Any CPU
		{8157E953-50EE-4707-82A6-89498B8E8E8C}.Debug|Any CPU.Build.0 = Debug|Any CPU
		{8157E953-50EE-4707-82A6-89498B8E8E8C}.Debug|ARM.ActiveCfg = Debug|Any CPU
		{8157E953-50EE-4707-82A6-89498B8E8E8C}.Debug|ARM.Build.0 = Debug|Any CPU
		{8157E953-50EE-4707-82A6-89498B8E8E8C}.Debug|x64.ActiveCfg = Debug|Any CPU
		{8157E953-50EE-4707-82A6-89498B8E8E8C}.Debug|x64.Build.0 = Debug|Any CPU
		{8157E953-50EE-4707-82A6-89498B8E8E8C}.Debug|x86.ActiveCfg = Debug|Any CPU
		{8157E953-50EE-4707-82A6-89498B8E8E8C}.Debug|x86.Build.0 = Debug|Any CPU
		{8157E953-50EE-4707-82A6-89498B8E8E8C}.Release|Any CPU.ActiveCfg = Release|Any CPU
		{8157E953-50EE-4707-82A6-89498B8E8E8C}.Release|Any CPU.Build.0 = Release|Any CPU
		{8157E953-50EE-4707-82A6-89498B8E8E8C}.Release|ARM.ActiveCfg = Release|Any CPU
		{8157E953-50EE-4707-82A6-89498B8E8E8C}.Release|ARM.Build.0 = Release|Any CPU
		{8157E953-50EE-4707-82A6-89498B8E8E8C}.Release|x64.ActiveCfg = Release|Any CPU
		{8157E953-50EE-4707-82A6-89498B8E8E8C}.Release|x64.Build.0 = Release|Any CPU
		{8157E953-50EE-4707-82A6-89498B8E8E8C}.Release|x86.ActiveCfg = Release|Any CPU
		{8157E953-50EE-4707-82A6-89498B8E8E8C}.Release|x86.Build.0 = Release|Any CPU
		{60FB817E-53D8-48BC-B155-5575EC2F8AAD}.Debug|Any CPU.ActiveCfg = Debug|x86
		{60FB817E-53D8-48BC-B155-5575EC2F8AAD}.Debug|Any CPU.Build.0 = Debug|x86
		{60FB817E-53D8-48BC-B155-5575EC2F8AAD}.Debug|Any CPU.Deploy.0 = Debug|x86
		{60FB817E-53D8-48BC-B155-5575EC2F8AAD}.Debug|ARM.ActiveCfg = Debug|ARM
		{60FB817E-53D8-48BC-B155-5575EC2F8AAD}.Debug|ARM.Build.0 = Debug|ARM
		{60FB817E-53D8-48BC-B155-5575EC2F8AAD}.Debug|ARM.Deploy.0 = Debug|ARM
		{60FB817E-53D8-48BC-B155-5575EC2F8AAD}.Debug|x64.ActiveCfg = Debug|x64
		{60FB817E-53D8-48BC-B155-5575EC2F8AAD}.Debug|x64.Build.0 = Debug|x64
		{60FB817E-53D8-48BC-B155-5575EC2F8AAD}.Debug|x64.Deploy.0 = Debug|x64
		{60FB817E-53D8-48BC-B155-5575EC2F8AAD}.Debug|x86.ActiveCfg = Debug|x86
		{60FB817E-53D8-48BC-B155-5575EC2F8AAD}.Debug|x86.Build.0 = Debug|x86
		{60FB817E-53D8-48BC-B155-5575EC2F8AAD}.Debug|x86.Deploy.0 = Debug|x86
		{60FB817E-53D8-48BC-B155-5575EC2F8AAD}.Release|Any CPU.ActiveCfg = Release|x86
		{60FB817E-53D8-48BC-B155-5575EC2F8AAD}.Release|ARM.ActiveCfg = Release|ARM
		{60FB817E-53D8-48BC-B155-5575EC2F8AAD}.Release|ARM.Build.0 = Release|ARM
		{60FB817E-53D8-48BC-B155-5575EC2F8AAD}.Release|ARM.Deploy.0 = Release|ARM
		{60FB817E-53D8-48BC-B155-5575EC2F8AAD}.Release|x64.ActiveCfg = Release|x64
		{60FB817E-53D8-48BC-B155-5575EC2F8AAD}.Release|x64.Build.0 = Release|x64
		{60FB817E-53D8-48BC-B155-5575EC2F8AAD}.Release|x64.Deploy.0 = Release|x64
		{60FB817E-53D8-48BC-B155-5575EC2F8AAD}.Release|x86.ActiveCfg = Release|x86
		{60FB817E-53D8-48BC-B155-5575EC2F8AAD}.Release|x86.Build.0 = Release|x86
		{60FB817E-53D8-48BC-B155-5575EC2F8AAD}.Release|x86.Deploy.0 = Release|x86
		{F1AFB5C2-3F50-4224-8E0F-C2C394157738}.Debug|Any CPU.ActiveCfg = Debug|Any CPU
		{F1AFB5C2-3F50-4224-8E0F-C2C394157738}.Debug|Any CPU.Build.0 = Debug|Any CPU
		{F1AFB5C2-3F50-4224-8E0F-C2C394157738}.Debug|ARM.ActiveCfg = Debug|Any CPU
		{F1AFB5C2-3F50-4224-8E0F-C2C394157738}.Debug|ARM.Build.0 = Debug|Any CPU
		{F1AFB5C2-3F50-4224-8E0F-C2C394157738}.Debug|x64.ActiveCfg = Debug|Any CPU
		{F1AFB5C2-3F50-4224-8E0F-C2C394157738}.Debug|x64.Build.0 = Debug|Any CPU
		{F1AFB5C2-3F50-4224-8E0F-C2C394157738}.Debug|x86.ActiveCfg = Debug|Any CPU
		{F1AFB5C2-3F50-4224-8E0F-C2C394157738}.Debug|x86.Build.0 = Debug|Any CPU
		{F1AFB5C2-3F50-4224-8E0F-C2C394157738}.Release|Any CPU.ActiveCfg = Release|Any CPU
		{F1AFB5C2-3F50-4224-8E0F-C2C394157738}.Release|Any CPU.Build.0 = Release|Any CPU
		{F1AFB5C2-3F50-4224-8E0F-C2C394157738}.Release|ARM.ActiveCfg = Release|Any CPU
		{F1AFB5C2-3F50-4224-8E0F-C2C394157738}.Release|ARM.Build.0 = Release|Any CPU
		{F1AFB5C2-3F50-4224-8E0F-C2C394157738}.Release|x64.ActiveCfg = Release|Any CPU
		{F1AFB5C2-3F50-4224-8E0F-C2C394157738}.Release|x64.Build.0 = Release|Any CPU
		{F1AFB5C2-3F50-4224-8E0F-C2C394157738}.Release|x86.ActiveCfg = Release|Any CPU
		{F1AFB5C2-3F50-4224-8E0F-C2C394157738}.Release|x86.Build.0 = Release|Any CPU
		{43AA43F4-31B6-44B5-95B6-D3963AEECB73}.Debug|Any CPU.ActiveCfg = Debug|Any CPU
		{43AA43F4-31B6-44B5-95B6-D3963AEECB73}.Debug|Any CPU.Build.0 = Debug|Any CPU
		{43AA43F4-31B6-44B5-95B6-D3963AEECB73}.Debug|ARM.ActiveCfg = Debug|Any CPU
		{43AA43F4-31B6-44B5-95B6-D3963AEECB73}.Debug|ARM.Build.0 = Debug|Any CPU
		{43AA43F4-31B6-44B5-95B6-D3963AEECB73}.Debug|x64.ActiveCfg = Debug|Any CPU
		{43AA43F4-31B6-44B5-95B6-D3963AEECB73}.Debug|x64.Build.0 = Debug|Any CPU
		{43AA43F4-31B6-44B5-95B6-D3963AEECB73}.Debug|x86.ActiveCfg = Debug|Any CPU
		{43AA43F4-31B6-44B5-95B6-D3963AEECB73}.Debug|x86.Build.0 = Debug|Any CPU
		{43AA43F4-31B6-44B5-95B6-D3963AEECB73}.Release|Any CPU.ActiveCfg = Release|Any CPU
		{43AA43F4-31B6-44B5-95B6-D3963AEECB73}.Release|Any CPU.Build.0 = Release|Any CPU
		{43AA43F4-31B6-44B5-95B6-D3963AEECB73}.Release|ARM.ActiveCfg = Release|Any CPU
		{43AA43F4-31B6-44B5-95B6-D3963AEECB73}.Release|ARM.Build.0 = Release|Any CPU
		{43AA43F4-31B6-44B5-95B6-D3963AEECB73}.Release|x64.ActiveCfg = Release|Any CPU
		{43AA43F4-31B6-44B5-95B6-D3963AEECB73}.Release|x64.Build.0 = Release|Any CPU
		{43AA43F4-31B6-44B5-95B6-D3963AEECB73}.Release|x86.ActiveCfg = Release|Any CPU
		{43AA43F4-31B6-44B5-95B6-D3963AEECB73}.Release|x86.Build.0 = Release|Any CPU
		{5EDBF0B1-D9B2-4353-A388-925B7E4F1ABA}.Debug|Any CPU.ActiveCfg = Debug|Any CPU
		{5EDBF0B1-D9B2-4353-A388-925B7E4F1ABA}.Debug|Any CPU.Build.0 = Debug|Any CPU
		{5EDBF0B1-D9B2-4353-A388-925B7E4F1ABA}.Debug|ARM.ActiveCfg = Debug|Any CPU
		{5EDBF0B1-D9B2-4353-A388-925B7E4F1ABA}.Debug|ARM.Build.0 = Debug|Any CPU
		{5EDBF0B1-D9B2-4353-A388-925B7E4F1ABA}.Debug|x64.ActiveCfg = Debug|Any CPU
		{5EDBF0B1-D9B2-4353-A388-925B7E4F1ABA}.Debug|x64.Build.0 = Debug|Any CPU
		{5EDBF0B1-D9B2-4353-A388-925B7E4F1ABA}.Debug|x86.ActiveCfg = Debug|Any CPU
		{5EDBF0B1-D9B2-4353-A388-925B7E4F1ABA}.Debug|x86.Build.0 = Debug|Any CPU
		{5EDBF0B1-D9B2-4353-A388-925B7E4F1ABA}.Release|Any CPU.ActiveCfg = Release|Any CPU
		{5EDBF0B1-D9B2-4353-A388-925B7E4F1ABA}.Release|Any CPU.Build.0 = Release|Any CPU
		{5EDBF0B1-D9B2-4353-A388-925B7E4F1ABA}.Release|ARM.ActiveCfg = Release|Any CPU
		{5EDBF0B1-D9B2-4353-A388-925B7E4F1ABA}.Release|ARM.Build.0 = Release|Any CPU
		{5EDBF0B1-D9B2-4353-A388-925B7E4F1ABA}.Release|x64.ActiveCfg = Release|Any CPU
		{5EDBF0B1-D9B2-4353-A388-925B7E4F1ABA}.Release|x64.Build.0 = Release|Any CPU
		{5EDBF0B1-D9B2-4353-A388-925B7E4F1ABA}.Release|x86.ActiveCfg = Release|Any CPU
		{5EDBF0B1-D9B2-4353-A388-925B7E4F1ABA}.Release|x86.Build.0 = Release|Any CPU
		{42EC26C8-BA11-4D6B-9B28-C711D229FF75}.Debug|Any CPU.ActiveCfg = Debug|Any CPU
		{42EC26C8-BA11-4D6B-9B28-C711D229FF75}.Debug|Any CPU.Build.0 = Debug|Any CPU
		{42EC26C8-BA11-4D6B-9B28-C711D229FF75}.Debug|ARM.ActiveCfg = Debug|Any CPU
		{42EC26C8-BA11-4D6B-9B28-C711D229FF75}.Debug|ARM.Build.0 = Debug|Any CPU
		{42EC26C8-BA11-4D6B-9B28-C711D229FF75}.Debug|x64.ActiveCfg = Debug|Any CPU
		{42EC26C8-BA11-4D6B-9B28-C711D229FF75}.Debug|x64.Build.0 = Debug|Any CPU
		{42EC26C8-BA11-4D6B-9B28-C711D229FF75}.Debug|x86.ActiveCfg = Debug|Any CPU
		{42EC26C8-BA11-4D6B-9B28-C711D229FF75}.Debug|x86.Build.0 = Debug|Any CPU
		{42EC26C8-BA11-4D6B-9B28-C711D229FF75}.Release|Any CPU.ActiveCfg = Release|Any CPU
		{42EC26C8-BA11-4D6B-9B28-C711D229FF75}.Release|Any CPU.Build.0 = Release|Any CPU
		{42EC26C8-BA11-4D6B-9B28-C711D229FF75}.Release|ARM.ActiveCfg = Release|Any CPU
		{42EC26C8-BA11-4D6B-9B28-C711D229FF75}.Release|ARM.Build.0 = Release|Any CPU
		{42EC26C8-BA11-4D6B-9B28-C711D229FF75}.Release|x64.ActiveCfg = Release|Any CPU
		{42EC26C8-BA11-4D6B-9B28-C711D229FF75}.Release|x64.Build.0 = Release|Any CPU
		{42EC26C8-BA11-4D6B-9B28-C711D229FF75}.Release|x86.ActiveCfg = Release|Any CPU
		{42EC26C8-BA11-4D6B-9B28-C711D229FF75}.Release|x86.Build.0 = Release|Any CPU
		{3E6C5661-1EF7-4781-BCD4-169843D29A61}.Debug|Any CPU.ActiveCfg = Debug|Any CPU
		{3E6C5661-1EF7-4781-BCD4-169843D29A61}.Debug|Any CPU.Build.0 = Debug|Any CPU
		{3E6C5661-1EF7-4781-BCD4-169843D29A61}.Debug|ARM.ActiveCfg = Debug|Any CPU
		{3E6C5661-1EF7-4781-BCD4-169843D29A61}.Debug|ARM.Build.0 = Debug|Any CPU
		{3E6C5661-1EF7-4781-BCD4-169843D29A61}.Debug|x64.ActiveCfg = Debug|Any CPU
		{3E6C5661-1EF7-4781-BCD4-169843D29A61}.Debug|x64.Build.0 = Debug|Any CPU
		{3E6C5661-1EF7-4781-BCD4-169843D29A61}.Debug|x86.ActiveCfg = Debug|Any CPU
		{3E6C5661-1EF7-4781-BCD4-169843D29A61}.Debug|x86.Build.0 = Debug|Any CPU
		{3E6C5661-1EF7-4781-BCD4-169843D29A61}.Release|Any CPU.ActiveCfg = Release|Any CPU
		{3E6C5661-1EF7-4781-BCD4-169843D29A61}.Release|Any CPU.Build.0 = Release|Any CPU
		{3E6C5661-1EF7-4781-BCD4-169843D29A61}.Release|ARM.ActiveCfg = Release|Any CPU
		{3E6C5661-1EF7-4781-BCD4-169843D29A61}.Release|ARM.Build.0 = Release|Any CPU
		{3E6C5661-1EF7-4781-BCD4-169843D29A61}.Release|x64.ActiveCfg = Release|Any CPU
		{3E6C5661-1EF7-4781-BCD4-169843D29A61}.Release|x64.Build.0 = Release|Any CPU
		{3E6C5661-1EF7-4781-BCD4-169843D29A61}.Release|x86.ActiveCfg = Release|Any CPU
		{3E6C5661-1EF7-4781-BCD4-169843D29A61}.Release|x86.Build.0 = Release|Any CPU
		{E486FC39-529C-43B0-AAD1-4A9A23D213F2}.Debug|Any CPU.ActiveCfg = Debug|x86
		{E486FC39-529C-43B0-AAD1-4A9A23D213F2}.Debug|ARM.ActiveCfg = Debug|ARM
		{E486FC39-529C-43B0-AAD1-4A9A23D213F2}.Debug|ARM.Build.0 = Debug|ARM
		{E486FC39-529C-43B0-AAD1-4A9A23D213F2}.Debug|ARM.Deploy.0 = Debug|ARM
		{E486FC39-529C-43B0-AAD1-4A9A23D213F2}.Debug|x64.ActiveCfg = Debug|x64
		{E486FC39-529C-43B0-AAD1-4A9A23D213F2}.Debug|x64.Build.0 = Debug|x64
		{E486FC39-529C-43B0-AAD1-4A9A23D213F2}.Debug|x64.Deploy.0 = Debug|x64
		{E486FC39-529C-43B0-AAD1-4A9A23D213F2}.Debug|x86.ActiveCfg = Debug|x86
		{E486FC39-529C-43B0-AAD1-4A9A23D213F2}.Debug|x86.Build.0 = Debug|x86
		{E486FC39-529C-43B0-AAD1-4A9A23D213F2}.Debug|x86.Deploy.0 = Debug|x86
		{E486FC39-529C-43B0-AAD1-4A9A23D213F2}.Release|Any CPU.ActiveCfg = Release|x86
		{E486FC39-529C-43B0-AAD1-4A9A23D213F2}.Release|ARM.ActiveCfg = Release|ARM
		{E486FC39-529C-43B0-AAD1-4A9A23D213F2}.Release|ARM.Build.0 = Release|ARM
		{E486FC39-529C-43B0-AAD1-4A9A23D213F2}.Release|ARM.Deploy.0 = Release|ARM
		{E486FC39-529C-43B0-AAD1-4A9A23D213F2}.Release|x64.ActiveCfg = Release|x64
		{E486FC39-529C-43B0-AAD1-4A9A23D213F2}.Release|x64.Build.0 = Release|x64
		{E486FC39-529C-43B0-AAD1-4A9A23D213F2}.Release|x64.Deploy.0 = Release|x64
		{E486FC39-529C-43B0-AAD1-4A9A23D213F2}.Release|x86.ActiveCfg = Release|x86
		{E486FC39-529C-43B0-AAD1-4A9A23D213F2}.Release|x86.Build.0 = Release|x86
		{E486FC39-529C-43B0-AAD1-4A9A23D213F2}.Release|x86.Deploy.0 = Release|x86
	EndGlobalSection
	GlobalSection(SolutionProperties) = preSolution
		HideSolutionNode = FALSE
	EndGlobalSection
	GlobalSection(ExtensibilityGlobals) = postSolution
		SolutionGuid = {F5E1EFB1-EB3F-4BCC-B27D-F18C5DBE4273}
	EndGlobalSection
EndGlobal
